
Microsoft Visual Studio Solution File, Format Version 12.00
# Visual Studio Version 16
VisualStudioVersion = 16.0.31129.286
MinimumVisualStudioVersion = 10.0.40219.1
Project("{FAE04EC0-301F-11D3-BF4B-00C04F79EFBC}") = "RPG", "RPG\RPG.csproj", "{A310828D-229D-4FC2-B92B-08AAE86014D4}"
EndProject
Global
	GlobalSection(SolutionConfigurationPlatforms) = preSolution
		Debug|Any CPU = Debug|Any CPU
		Release|Any CPU = Release|Any CPU
	EndGlobalSection
	GlobalSection(ProjectConfigurationPlatforms) = postSolution
		{A310828D-229D-4FC2-B92B-08AAE86014D4}.Debug|Any CPU.ActiveCfg = Debug|Any CPU
		{A310828D-229D-4FC2-B92B-08AAE86014D4}.Debug|Any CPU.Build.0 = Debug|Any CPU
		{A310828D-229D-4FC2-B92B-08AAE86014D4}.Release|Any CPU.ActiveCfg = Release|Any CPU
		{A310828D-229D-4FC2-B92B-08AAE86014D4}.Release|Any CPU.Build.0 = Release|Any CPU
	EndGlobalSection
	GlobalSection(SolutionProperties) = preSolution
		HideSolutionNode = FALSE
	EndGlobalSection
	GlobalSection(ExtensibilityGlobals) = postSolution
		SolutionGuid = {CECD72C5-5B0E-4895-A255-D6999C7B7889}
	EndGlobalSection
EndGlobal
